
Microsoft Visual Studio Solution File, Format Version 12.00
# Visual Studio Version 17
VisualStudioVersion = 17.7.33612.457
MinimumVisualStudioVersion = 10.0.40219.1
Project("{FAE04EC0-301F-11D3-BF4B-00C04F79EFBC}") = "WebApplication62WebApplication62WebApplication63", "WebApplication62WebApplication62WebApplication63.csproj", "{E81526E9-457D-4A23-A5E6-3F1D36C121D7}"
EndProject
Global
	GlobalSection(SolutionConfigurationPlatforms) = preSolution
		Debug|Any CPU = Debug|Any CPU
		Release|Any CPU = Release|Any CPU
	EndGlobalSection
	GlobalSection(ProjectConfigurationPlatforms) = postSolution
		{E81526E9-457D-4A23-A5E6-3F1D36C121D7}.Debug|Any CPU.ActiveCfg = Debug|Any CPU
		{E81526E9-457D-4A23-A5E6-3F1D36C121D7}.Debug|Any CPU.Build.0 = Debug|Any CPU
		{E81526E9-457D-4A23-A5E6-3F1D36C121D7}.Release|Any CPU.ActiveCfg = Release|Any CPU
		{E81526E9-457D-4A23-A5E6-3F1D36C121D7}.Release|Any CPU.Build.0 = Release|Any CPU
	EndGlobalSection
	GlobalSection(SolutionProperties) = preSolution
		HideSolutionNode = FALSE
	EndGlobalSection
	GlobalSection(ExtensibilityGlobals) = postSolution
		SolutionGuid = {EB104CE9-8E3C-444E-9903-57285A2BB609}
	EndGlobalSection
EndGlobal
